// !$*UTF8*$!
{
	archiveVersion = 1;
	classes = {
	};
	objectVersion = 56;
	objects = {

/* Begin PBXBuildFile section */
		000664502A4F0DFB00767164 /* KantoApp.swift in Sources */ = {isa = PBXBuildFile; fileRef = 0006644F2A4F0DFB00767164 /* KantoApp.swift */; };
		000664522A4F0DFB00767164 /* ContentView.swift in Sources */ = {isa = PBXBuildFile; fileRef = 000664512A4F0DFB00767164 /* ContentView.swift */; };
		000664542A4F0DFD00767164 /* Assets.xcassets in Resources */ = {isa = PBXBuildFile; fileRef = 000664532A4F0DFD00767164 /* Assets.xcassets */; };
		000664572A4F0DFD00767164 /* Preview Assets.xcassets in Resources */ = {isa = PBXBuildFile; fileRef = 000664562A4F0DFD00767164 /* Preview Assets.xcassets */; };
		0006645F2A4F104900767164 /* Montserrat-VariableFont_wght.ttf in Resources */ = {isa = PBXBuildFile; fileRef = 0006645E2A4F104900767164 /* Montserrat-VariableFont_wght.ttf */; };
		000664622A4F13B100767164 /* ProximaNova.otf in Resources */ = {isa = PBXBuildFile; fileRef = 000664612A4F13B100767164 /* ProximaNova.otf */; };
		000664642A4F152300767164 /* Client.swift in Sources */ = {isa = PBXBuildFile; fileRef = 000664632A4F152300767164 /* Client.swift */; };
		000664662A4F156700767164 /* Song.swift in Sources */ = {isa = PBXBuildFile; fileRef = 000664652A4F156700767164 /* Song.swift */; };
		000664682A4F15B200767164 /* Service.swift in Sources */ = {isa = PBXBuildFile; fileRef = 000664672A4F15B200767164 /* Service.swift */; };
		0006646A2A4F170600767164 /* ModelView - ViewModel.swift in Sources */ = {isa = PBXBuildFile; fileRef = 000664692A4F170600767164 /* ModelView - ViewModel.swift */; };
		001E28462A4F6BC2007E75C0 /* JsonRPC in Frameworks */ = {isa = PBXBuildFile; productRef = 001E28452A4F6BC2007E75C0 /* JsonRPC */; };
		0048C4E52A4F5319001D0CAE /* ClientCell.swift in Sources */ = {isa = PBXBuildFile; fileRef = 0048C4E42A4F5319001D0CAE /* ClientCell.swift */; };
		007B1D992A4F761F00DBA9F2 /* SnapModel.swift in Sources */ = {isa = PBXBuildFile; fileRef = 007B1D982A4F761F00DBA9F2 /* SnapModel.swift */; };
		007B1D9B2A4F836600DBA9F2 /* response.json in Resources */ = {isa = PBXBuildFile; fileRef = 007B1D9A2A4F836600DBA9F2 /* response.json */; };
		00DE4C8B2A4FAA0A00BC2439 /* AnimatedAudioBars.swift in Sources */ = {isa = PBXBuildFile; fileRef = 00DE4C8A2A4FAA0A00BC2439 /* AnimatedAudioBars.swift */; };
		00DE4C8D2A50457700BC2439 /* ClientDetail.swift in Sources */ = {isa = PBXBuildFile; fileRef = 00DE4C8C2A50457700BC2439 /* ClientDetail.swift */; };
		00E28E882A61B74D00E204F0 /* ErrorCallout.swift in Sources */ = {isa = PBXBuildFile; fileRef = 00E28E872A61B74D00E204F0 /* ErrorCallout.swift */; };
/* End PBXBuildFile section */

/* Begin PBXFileReference section */
		0006644C2A4F0DFB00767164 /* Kanto.app */ = {isa = PBXFileReference; explicitFileType = wrapper.application; includeInIndex = 0; path = Kanto.app; sourceTree = BUILT_PRODUCTS_DIR; };
		0006644F2A4F0DFB00767164 /* KantoApp.swift */ = {isa = PBXFileReference; lastKnownFileType = sourcecode.swift; path = KantoApp.swift; sourceTree = "<group>"; };
		000664512A4F0DFB00767164 /* ContentView.swift */ = {isa = PBXFileReference; lastKnownFileType = sourcecode.swift; path = ContentView.swift; sourceTree = "<group>"; };
		000664532A4F0DFD00767164 /* Assets.xcassets */ = {isa = PBXFileReference; lastKnownFileType = folder.assetcatalog; path = Assets.xcassets; sourceTree = "<group>"; };
		000664562A4F0DFD00767164 /* Preview Assets.xcassets */ = {isa = PBXFileReference; lastKnownFileType = folder.assetcatalog; path = "Preview Assets.xcassets"; sourceTree = "<group>"; };
		0006645E2A4F104900767164 /* Montserrat-VariableFont_wght.ttf */ = {isa = PBXFileReference; lastKnownFileType = file; path = "Montserrat-VariableFont_wght.ttf"; sourceTree = "<group>"; };
		000664602A4F108300767164 /* Info.plist */ = {isa = PBXFileReference; lastKnownFileType = text.plist; path = Info.plist; sourceTree = "<group>"; };
		000664612A4F13B100767164 /* ProximaNova.otf */ = {isa = PBXFileReference; lastKnownFileType = file; path = ProximaNova.otf; sourceTree = "<group>"; };
		000664632A4F152300767164 /* Client.swift */ = {isa = PBXFileReference; lastKnownFileType = sourcecode.swift; path = Client.swift; sourceTree = "<group>"; };
		000664652A4F156700767164 /* Song.swift */ = {isa = PBXFileReference; lastKnownFileType = sourcecode.swift; path = Song.swift; sourceTree = "<group>"; };
		000664672A4F15B200767164 /* Service.swift */ = {isa = PBXFileReference; lastKnownFileType = sourcecode.swift; path = Service.swift; sourceTree = "<group>"; };
		000664692A4F170600767164 /* ModelView - ViewModel.swift */ = {isa = PBXFileReference; lastKnownFileType = sourcecode.swift; path = "ModelView - ViewModel.swift"; sourceTree = "<group>"; };
		0048C4E42A4F5319001D0CAE /* ClientCell.swift */ = {isa = PBXFileReference; lastKnownFileType = sourcecode.swift; path = ClientCell.swift; sourceTree = "<group>"; };
		007B1D982A4F761F00DBA9F2 /* SnapModel.swift */ = {isa = PBXFileReference; lastKnownFileType = sourcecode.swift; path = SnapModel.swift; sourceTree = "<group>"; };
		007B1D9A2A4F836600DBA9F2 /* response.json */ = {isa = PBXFileReference; lastKnownFileType = text.json; path = response.json; sourceTree = "<group>"; };
		00DE4C8A2A4FAA0A00BC2439 /* AnimatedAudioBars.swift */ = {isa = PBXFileReference; lastKnownFileType = sourcecode.swift; path = AnimatedAudioBars.swift; sourceTree = "<group>"; };
		00DE4C8C2A50457700BC2439 /* ClientDetail.swift */ = {isa = PBXFileReference; lastKnownFileType = sourcecode.swift; path = ClientDetail.swift; sourceTree = "<group>"; };
		00E28E872A61B74D00E204F0 /* ErrorCallout.swift */ = {isa = PBXFileReference; lastKnownFileType = sourcecode.swift; path = ErrorCallout.swift; sourceTree = "<group>"; };
/* End PBXFileReference section */

/* Begin PBXFrameworksBuildPhase section */
		000664492A4F0DFB00767164 /* Frameworks */ = {
			isa = PBXFrameworksBuildPhase;
			buildActionMask = 2147483647;
			files = (
				001E28462A4F6BC2007E75C0 /* JsonRPC in Frameworks */,
			);
			runOnlyForDeploymentPostprocessing = 0;
		};
/* End PBXFrameworksBuildPhase section */

/* Begin PBXGroup section */
		000664432A4F0DFB00767164 = {
			isa = PBXGroup;
			children = (
				0006644E2A4F0DFB00767164 /* Kanto */,
				0006644D2A4F0DFB00767164 /* Products */,
			);
			sourceTree = "<group>";
		};
		0006644D2A4F0DFB00767164 /* Products */ = {
			isa = PBXGroup;
			children = (
				0006644C2A4F0DFB00767164 /* Kanto.app */,
			);
			name = Products;
			sourceTree = "<group>";
		};
		0006644E2A4F0DFB00767164 /* Kanto */ = {
			isa = PBXGroup;
			children = (
				000664602A4F108300767164 /* Info.plist */,
				0006645D2A4F103700767164 /* fonts */,
				0006644F2A4F0DFB00767164 /* KantoApp.swift */,
				00E28E872A61B74D00E204F0 /* ErrorCallout.swift */,
				00DE4C8C2A50457700BC2439 /* ClientDetail.swift */,
				00DE4C8A2A4FAA0A00BC2439 /* AnimatedAudioBars.swift */,
				0048C4E42A4F5319001D0CAE /* ClientCell.swift */,
				000664512A4F0DFB00767164 /* ContentView.swift */,
				000664692A4F170600767164 /* ModelView - ViewModel.swift */,
				007B1D982A4F761F00DBA9F2 /* SnapModel.swift */,
				007B1D9A2A4F836600DBA9F2 /* response.json */,
				000664632A4F152300767164 /* Client.swift */,
				000664672A4F15B200767164 /* Service.swift */,
				000664652A4F156700767164 /* Song.swift */,
				000664532A4F0DFD00767164 /* Assets.xcassets */,
				000664552A4F0DFD00767164 /* Preview Content */,
			);
			path = Kanto;
			sourceTree = "<group>";
		};
		000664552A4F0DFD00767164 /* Preview Content */ = {
			isa = PBXGroup;
			children = (
				000664562A4F0DFD00767164 /* Preview Assets.xcassets */,
			);
			path = "Preview Content";
			sourceTree = "<group>";
		};
		0006645D2A4F103700767164 /* fonts */ = {
			isa = PBXGroup;
			children = (
				000664612A4F13B100767164 /* ProximaNova.otf */,
				0006645E2A4F104900767164 /* Montserrat-VariableFont_wght.ttf */,
			);
			path = fonts;
			sourceTree = "<group>";
		};
/* End PBXGroup section */

/* Begin PBXNativeTarget section */
		0006644B2A4F0DFB00767164 /* Kanto */ = {
			isa = PBXNativeTarget;
			buildConfigurationList = 0006645A2A4F0DFD00767164 /* Build configuration list for PBXNativeTarget "Kanto" */;
			buildPhases = (
				000664482A4F0DFB00767164 /* Sources */,
				000664492A4F0DFB00767164 /* Frameworks */,
				0006644A2A4F0DFB00767164 /* Resources */,
			);
			buildRules = (
			);
			dependencies = (
			);
			name = Kanto;
			packageProductDependencies = (
				001E28452A4F6BC2007E75C0 /* JsonRPC */,
			);
			productName = Kanto;
			productReference = 0006644C2A4F0DFB00767164 /* Kanto.app */;
			productType = "com.apple.product-type.application";
		};
/* End PBXNativeTarget section */

/* Begin PBXProject section */
		000664442A4F0DFB00767164 /* Project object */ = {
			isa = PBXProject;
			attributes = {
				BuildIndependentTargetsInParallel = 1;
				LastSwiftUpdateCheck = 1430;
				LastUpgradeCheck = 1430;
				TargetAttributes = {
					0006644B2A4F0DFB00767164 = {
						CreatedOnToolsVersion = 14.3;
					};
				};
			};
			buildConfigurationList = 000664472A4F0DFB00767164 /* Build configuration list for PBXProject "Kanto" */;
			compatibilityVersion = "Xcode 14.0";
			developmentRegion = en;
			hasScannedForEncodings = 0;
			knownRegions = (
				en,
				Base,
			);
			mainGroup = 000664432A4F0DFB00767164;
			packageReferences = (
				001E28442A4F6BC2007E75C0 /* XCRemoteSwiftPackageReference "JsonRPC.swift" */,
			);
			productRefGroup = 0006644D2A4F0DFB00767164 /* Products */;
			projectDirPath = "";
			projectRoot = "";
			targets = (
				0006644B2A4F0DFB00767164 /* Kanto */,
			);
		};
/* End PBXProject section */

/* Begin PBXResourcesBuildPhase section */
		0006644A2A4F0DFB00767164 /* Resources */ = {
			isa = PBXResourcesBuildPhase;
			buildActionMask = 2147483647;
			files = (
				000664572A4F0DFD00767164 /* Preview Assets.xcassets in Resources */,
				0006645F2A4F104900767164 /* Montserrat-VariableFont_wght.ttf in Resources */,
				000664542A4F0DFD00767164 /* Assets.xcassets in Resources */,
				007B1D9B2A4F836600DBA9F2 /* response.json in Resources */,
				000664622A4F13B100767164 /* ProximaNova.otf in Resources */,
			);
			runOnlyForDeploymentPostprocessing = 0;
		};
/* End PBXResourcesBuildPhase section */

/* Begin PBXSourcesBuildPhase section */
		000664482A4F0DFB00767164 /* Sources */ = {
			isa = PBXSourcesBuildPhase;
			buildActionMask = 2147483647;
			files = (
				0048C4E52A4F5319001D0CAE /* ClientCell.swift in Sources */,
				00DE4C8D2A50457700BC2439 /* ClientDetail.swift in Sources */,
				000664662A4F156700767164 /* Song.swift in Sources */,
				00E28E882A61B74D00E204F0 /* ErrorCallout.swift in Sources */,
				000664522A4F0DFB00767164 /* ContentView.swift in Sources */,
				00DE4C8B2A4FAA0A00BC2439 /* AnimatedAudioBars.swift in Sources */,
				000664682A4F15B200767164 /* Service.swift in Sources */,
				000664502A4F0DFB00767164 /* KantoApp.swift in Sources */,
				007B1D992A4F761F00DBA9F2 /* SnapModel.swift in Sources */,
				000664642A4F152300767164 /* Client.swift in Sources */,
				0006646A2A4F170600767164 /* ModelView - ViewModel.swift in Sources */,
			);
			runOnlyForDeploymentPostprocessing = 0;
		};
/* End PBXSourcesBuildPhase section */

/* Begin XCBuildConfiguration section */
		000664582A4F0DFD00767164 /* Debug */ = {
			isa = XCBuildConfiguration;
			buildSettings = {
				ALWAYS_SEARCH_USER_PATHS = NO;
				CLANG_ANALYZER_NONNULL = YES;
				CLANG_ANALYZER_NUMBER_OBJECT_CONVERSION = YES_AGGRESSIVE;
				CLANG_CXX_LANGUAGE_STANDARD = "gnu++20";
				CLANG_ENABLE_MODULES = YES;
				CLANG_ENABLE_OBJC_ARC = YES;
				CLANG_ENABLE_OBJC_WEAK = YES;
				CLANG_WARN_BLOCK_CAPTURE_AUTORELEASING = YES;
				CLANG_WARN_BOOL_CONVERSION = YES;
				CLANG_WARN_COMMA = YES;
				CLANG_WARN_CONSTANT_CONVERSION = YES;
				CLANG_WARN_DEPRECATED_OBJC_IMPLEMENTATIONS = YES;
				CLANG_WARN_DIRECT_OBJC_ISA_USAGE = YES_ERROR;
				CLANG_WARN_DOCUMENTATION_COMMENTS = YES;
				CLANG_WARN_EMPTY_BODY = YES;
				CLANG_WARN_ENUM_CONVERSION = YES;
				CLANG_WARN_INFINITE_RECURSION = YES;
				CLANG_WARN_INT_CONVERSION = YES;
				CLANG_WARN_NON_LITERAL_NULL_CONVERSION = YES;
				CLANG_WARN_OBJC_IMPLICIT_RETAIN_SELF = YES;
				CLANG_WARN_OBJC_LITERAL_CONVERSION = YES;
				CLANG_WARN_OBJC_ROOT_CLASS = YES_ERROR;
				CLANG_WARN_QUOTED_INCLUDE_IN_FRAMEWORK_HEADER = YES;
				CLANG_WARN_RANGE_LOOP_ANALYSIS = YES;
				CLANG_WARN_STRICT_PROTOTYPES = YES;
				CLANG_WARN_SUSPICIOUS_MOVE = YES;
				CLANG_WARN_UNGUARDED_AVAILABILITY = YES_AGGRESSIVE;
				CLANG_WARN_UNREACHABLE_CODE = YES;
				CLANG_WARN__DUPLICATE_METHOD_MATCH = YES;
				COPY_PHASE_STRIP = NO;
				DEBUG_INFORMATION_FORMAT = dwarf;
				ENABLE_STRICT_OBJC_MSGSEND = YES;
				ENABLE_TESTABILITY = YES;
				FRAMEWORK_SEARCH_PATHS = "$(SRCROOT)/**";
				GCC_C_LANGUAGE_STANDARD = gnu11;
				GCC_DYNAMIC_NO_PIC = NO;
				GCC_NO_COMMON_BLOCKS = YES;
				GCC_OPTIMIZATION_LEVEL = 0;
				GCC_PREPROCESSOR_DEFINITIONS = (
					"DEBUG=1",
					"$(inherited)",
				);
				GCC_WARN_64_TO_32_BIT_CONVERSION = YES;
				GCC_WARN_ABOUT_RETURN_TYPE = YES_ERROR;
				GCC_WARN_UNDECLARED_SELECTOR = YES;
				GCC_WARN_UNINITIALIZED_AUTOS = YES_AGGRESSIVE;
				GCC_WARN_UNUSED_FUNCTION = YES;
				GCC_WARN_UNUSED_VARIABLE = YES;
				IPHONEOS_DEPLOYMENT_TARGET = 16.4;
				MTL_ENABLE_DEBUG_INFO = INCLUDE_SOURCE;
				MTL_FAST_MATH = YES;
				ONLY_ACTIVE_ARCH = YES;
				SDKROOT = iphoneos;
				SWIFT_ACTIVE_COMPILATION_CONDITIONS = DEBUG;
				SWIFT_OPTIMIZATION_LEVEL = "-Onone";
			};
			name = Debug;
		};
		000664592A4F0DFD00767164 /* Release */ = {
			isa = XCBuildConfiguration;
			buildSettings = {
				ALWAYS_SEARCH_USER_PATHS = NO;
				CLANG_ANALYZER_NONNULL = YES;
				CLANG_ANALYZER_NUMBER_OBJECT_CONVERSION = YES_AGGRESSIVE;
				CLANG_CXX_LANGUAGE_STANDARD = "gnu++20";
				CLANG_ENABLE_MODULES = YES;
				CLANG_ENABLE_OBJC_ARC = YES;
				CLANG_ENABLE_OBJC_WEAK = YES;
				CLANG_WARN_BLOCK_CAPTURE_AUTORELEASING = YES;
				CLANG_WARN_BOOL_CONVERSION = YES;
				CLANG_WARN_COMMA = YES;
				CLANG_WARN_CONSTANT_CONVERSION = YES;
				CLANG_WARN_DEPRECATED_OBJC_IMPLEMENTATIONS = YES;
				CLANG_WARN_DIRECT_OBJC_ISA_USAGE = YES_ERROR;
				CLANG_WARN_DOCUMENTATION_COMMENTS = YES;
				CLANG_WARN_EMPTY_BODY = YES;
				CLANG_WARN_ENUM_CONVERSION = YES;
				CLANG_WARN_INFINITE_RECURSION = YES;
				CLANG_WARN_INT_CONVERSION = YES;
				CLANG_WARN_NON_LITERAL_NULL_CONVERSION = YES;
				CLANG_WARN_OBJC_IMPLICIT_RETAIN_SELF = YES;
				CLANG_WARN_OBJC_LITERAL_CONVERSION = YES;
				CLANG_WARN_OBJC_ROOT_CLASS = YES_ERROR;
				CLANG_WARN_QUOTED_INCLUDE_IN_FRAMEWORK_HEADER = YES;
				CLANG_WARN_RANGE_LOOP_ANALYSIS = YES;
				CLANG_WARN_STRICT_PROTOTYPES = YES;
				CLANG_WARN_SUSPICIOUS_MOVE = YES;
				CLANG_WARN_UNGUARDED_AVAILABILITY = YES_AGGRESSIVE;
				CLANG_WARN_UNREACHABLE_CODE = YES;
				CLANG_WARN__DUPLICATE_METHOD_MATCH = YES;
				COPY_PHASE_STRIP = NO;
				DEBUG_INFORMATION_FORMAT = "dwarf-with-dsym";
				ENABLE_NS_ASSERTIONS = NO;
				ENABLE_STRICT_OBJC_MSGSEND = YES;
				FRAMEWORK_SEARCH_PATHS = "$(SRCROOT)/**";
				GCC_C_LANGUAGE_STANDARD = gnu11;
				GCC_NO_COMMON_BLOCKS = YES;
				GCC_WARN_64_TO_32_BIT_CONVERSION = YES;
				GCC_WARN_ABOUT_RETURN_TYPE = YES_ERROR;
				GCC_WARN_UNDECLARED_SELECTOR = YES;
				GCC_WARN_UNINITIALIZED_AUTOS = YES_AGGRESSIVE;
				GCC_WARN_UNUSED_FUNCTION = YES;
				GCC_WARN_UNUSED_VARIABLE = YES;
				IPHONEOS_DEPLOYMENT_TARGET = 16.4;
				MTL_ENABLE_DEBUG_INFO = NO;
				MTL_FAST_MATH = YES;
				SDKROOT = iphoneos;
				SWIFT_COMPILATION_MODE = wholemodule;
				SWIFT_OPTIMIZATION_LEVEL = "-O";
				VALIDATE_PRODUCT = YES;
			};
			name = Release;
		};
		0006645B2A4F0DFD00767164 /* Debug */ = {
			isa = XCBuildConfiguration;
			buildSettings = {
				ASSETCATALOG_COMPILER_APPICON_NAME = AppIcon;
				ASSETCATALOG_COMPILER_GLOBAL_ACCENT_COLOR_NAME = AccentColor;
				CODE_SIGN_STYLE = Automatic;
				CURRENT_PROJECT_VERSION = 1;
				DEVELOPMENT_ASSET_PATHS = "\"Kanto/Preview Content\"";
				DEVELOPMENT_TEAM = AS6Y3W6LPN;
				ENABLE_PREVIEWS = YES;
				GENERATE_INFOPLIST_FILE = YES;
				INFOPLIST_FILE = Kanto/Info.plist;
				INFOPLIST_KEY_UIApplicationSceneManifest_Generation = YES;
				INFOPLIST_KEY_UIApplicationSupportsIndirectInputEvents = YES;
				INFOPLIST_KEY_UILaunchScreen_Generation = YES;
				INFOPLIST_KEY_UISupportedInterfaceOrientations_iPad = "UIInterfaceOrientationPortrait UIInterfaceOrientationPortraitUpsideDown UIInterfaceOrientationLandscapeLeft UIInterfaceOrientationLandscapeRight";
				INFOPLIST_KEY_UISupportedInterfaceOrientations_iPhone = "UIInterfaceOrientationPortrait UIInterfaceOrientationLandscapeLeft UIInterfaceOrientationLandscapeRight";
				INFOPLIST_KEY_UIUserInterfaceStyle = Light;
				LD_RUNPATH_SEARCH_PATHS = (
					"$(inherited)",
					"@executable_path/Frameworks",
				);
				MARKETING_VERSION = 1.0;
				PRODUCT_BUNDLE_IDENTIFIER = bochelly.Kanto;
				PRODUCT_NAME = "$(TARGET_NAME)";
				SWIFT_EMIT_LOC_STRINGS = YES;
				SWIFT_VERSION = 5.0;
				TARGETED_DEVICE_FAMILY = "1,2";
			};
			name = Debug;
		};
		0006645C2A4F0DFD00767164 /* Release */ = {
			isa = XCBuildConfiguration;
			buildSettings = {
				ASSETCATALOG_COMPILER_APPICON_NAME = AppIcon;
				ASSETCATALOG_COMPILER_GLOBAL_ACCENT_COLOR_NAME = AccentColor;
				CODE_SIGN_STYLE = Automatic;
				CURRENT_PROJECT_VERSION = 1;
				DEVELOPMENT_ASSET_PATHS = "\"Kanto/Preview Content\"";
				DEVELOPMENT_TEAM = AS6Y3W6LPN;
				ENABLE_PREVIEWS = YES;
				GENERATE_INFOPLIST_FILE = YES;
				INFOPLIST_FILE = Kanto/Info.plist;
				INFOPLIST_KEY_UIApplicationSceneManifest_Generation = YES;
				INFOPLIST_KEY_UIApplicationSupportsIndirectInputEvents = YES;
				INFOPLIST_KEY_UILaunchScreen_Generation = YES;
				INFOPLIST_KEY_UISupportedInterfaceOrientations_iPad = "UIInterfaceOrientationPortrait UIInterfaceOrientationPortraitUpsideDown UIInterfaceOrientationLandscapeLeft UIInterfaceOrientationLandscapeRight";
				INFOPLIST_KEY_UISupportedInterfaceOrientations_iPhone = "UIInterfaceOrientationPortrait UIInterfaceOrientationLandscapeLeft UIInterfaceOrientationLandscapeRight";
				INFOPLIST_KEY_UIUserInterfaceStyle = Light;
				LD_RUNPATH_SEARCH_PATHS = (
					"$(inherited)",
					"@executable_path/Frameworks",
				);
				MARKETING_VERSION = 1.0;
				PRODUCT_BUNDLE_IDENTIFIER = bochelly.Kanto;
				PRODUCT_NAME = "$(TARGET_NAME)";
				SWIFT_EMIT_LOC_STRINGS = YES;
				SWIFT_VERSION = 5.0;
				TARGETED_DEVICE_FAMILY = "1,2";
			};
			name = Release;
		};
/* End XCBuildConfiguration section */

/* Begin XCConfigurationList section */
		000664472A4F0DFB00767164 /* Build configuration list for PBXProject "Kanto" */ = {
			isa = XCConfigurationList;
			buildConfigurations = (
				000664582A4F0DFD00767164 /* Debug */,
				000664592A4F0DFD00767164 /* Release */,
			);
			defaultConfigurationIsVisible = 0;
			defaultConfigurationName = Release;
		};
		0006645A2A4F0DFD00767164 /* Build configuration list for PBXNativeTarget "Kanto" */ = {
			isa = XCConfigurationList;
			buildConfigurations = (
				0006645B2A4F0DFD00767164 /* Debug */,
				0006645C2A4F0DFD00767164 /* Release */,
			);
			defaultConfigurationIsVisible = 0;
			defaultConfigurationName = Release;
		};
/* End XCConfigurationList section */

/* Begin XCRemoteSwiftPackageReference section */
		001E28442A4F6BC2007E75C0 /* XCRemoteSwiftPackageReference "JsonRPC.swift" */ = {
			isa = XCRemoteSwiftPackageReference;
			repositoryURL = "https://github.com/tesseract-one/JsonRPC.swift.git";
			requirement = {
				kind = upToNextMajorVersion;
				minimumVersion = 0.2.0;
			};
		};
/* End XCRemoteSwiftPackageReference section */

/* Begin XCSwiftPackageProductDependency section */
		001E28452A4F6BC2007E75C0 /* JsonRPC */ = {
			isa = XCSwiftPackageProductDependency;
			package = 001E28442A4F6BC2007E75C0 /* XCRemoteSwiftPackageReference "JsonRPC.swift" */;
			productName = JsonRPC;
		};
/* End XCSwiftPackageProductDependency section */
	};
	rootObject = 000664442A4F0DFB00767164 /* Project object */;
}
